
Microsoft Visual Studio Solution File, Format Version 12.00
# Visual Studio Version 16
VisualStudioVersion = 16.0.34031.81
MinimumVisualStudioVersion = 10.0.40219.1
Project("{2150E333-8FDC-42A3-9474-1A3956D46DE8}") = "Task0", "Task0", "{CDDB297B-D133-46AB-9DF8-D1490784BA88}"
EndProject
Project("{2150E333-8FDC-42A3-9474-1A3956D46DE8}") = "Task1", "Task1", "{A7D9D37F-FAA9-49D9-9FAA-0F95B0728A8B}"
EndProject
Project("{FAE04EC0-301F-11D3-BF4B-00C04F79EFBC}") = "Tyuiu.KaverinED.Sprint0.Task0.V0", "Tyuiu.KaverinED.Sprint0.Task0.V0\Tyuiu.KaverinED.Sprint0.Task0.V0.csproj", "{FE7FBBEE-5726-4DE3-B327-1D3E98ED9CA7}"
EndProject
Project("{FAE04EC0-301F-11D3-BF4B-00C04F79EFBC}") = "Tyuiu.KaverinED.Sprint0.Task1.V0", "Tyuiu.KaverinED.Sprint0.Task1.V0\Tyuiu.KaverinED.Sprint0.Task1.V0.csproj", "{D5C2963E-7393-4F22-BCCF-1E618E940DBB}"
EndProject
Project("{2150E333-8FDC-42A3-9474-1A3956D46DE8}") = "Task3", "Task3", "{88547075-CD90-4A92-B0BC-F22C4045F8FB}"
EndProject
Project("{2150E333-8FDC-42A3-9474-1A3956D46DE8}") = "Task2", "Task2", "{E0FD2BD8-1168-48CE-999C-6B9AB2B03846}"
EndProject
Project("{FAE04EC0-301F-11D3-BF4B-00C04F79EFBC}") = "Tyuiu.KaverinED.Sprint0.Task2.V0", "Tyuiu.KaverinED.Sprint0.Task2.V0\Tyuiu.KaverinED.Sprint0.Task2.V0.csproj", "{9EE60E44-C378-4B69-BBC2-61D4851EAC77}"
EndProject
Project("{FAE04EC0-301F-11D3-BF4B-00C04F79EFBC}") = "Tyuiu.KaverinED.Sprint0.Task2.V0.Lib", "Tyuiu.KaverinED.Sprint0.Task2.V0.Lib\Tyuiu.KaverinED.Sprint0.Task2.V0.Lib.csproj", "{F191B58E-5B1F-43F0-B939-6982AAB29DA8}"
EndProject
Project("{FAE04EC0-301F-11D3-BF4B-00C04F79EFBC}") = "Tyuiu.KaverinED.Sprint0.Task3.V0", "Tyuiu.KaverinED.Sprint0.Task3.V0\Tyuiu.KaverinED.Sprint0.Task3.V0.csproj", "{2B23D365-027A-4D23-B379-DD38687A4C01}"
EndProject
Project("{FAE04EC0-301F-11D3-BF4B-00C04F79EFBC}") = "Tyuiu.KaverinED.Sprint0.Task3.V0.Lib", "Tyuiu.KaverinED.Sprint0.Task3.V0.Lib\Tyuiu.KaverinED.Sprint0.Task3.V0.Lib.csproj", "{0C97F189-CAA8-4D02-89D3-05EE5C3E10A5}"
EndProject
Project("{FAE04EC0-301F-11D3-BF4B-00C04F79EFBC}") = "Tyuiu.KaverinED.Sprint0.Task2.V0.Test", "Tyuiu.KaverinED.Sprint0.Task2.V0.Test\Tyuiu.KaverinED.Sprint0.Task2.V0.Test.csproj", "{880CCAB2-E351-4FEB-837A-D4BECAA85FC5}"
EndProject
Project("{FAE04EC0-301F-11D3-BF4B-00C04F79EFBC}") = "Tyuiu.KaverinED.Sprint0.Task3.V0.Test", "Tyuiu.KaverinED.Sprint0.Task3.V0.Test\Tyuiu.KaverinED.Sprint0.Task3.V0.Test.csproj", "{890CBF88-114A-440D-BF5D-6F2BB580DC18}"
EndProject
Project("{2150E333-8FDC-42A3-9474-1A3956D46DE8}") = "Task4", "Task4", "{6121424F-1F4D-4500-9764-5A47C102C676}"
EndProject
Project("{FAE04EC0-301F-11D3-BF4B-00C04F79EFBC}") = "Tyuiu.KaverinED.Sprint0.Task4.V0", "Tyuiu.KaverinED.Sprint0.Task4.V0\Tyuiu.KaverinED.Sprint0.Task4.V0.csproj", "{68942365-055A-4AFF-BF4F-C6AE469A7FC8}"
EndProject
Project("{FAE04EC0-301F-11D3-BF4B-00C04F79EFBC}") = "Tyuiu.KaverinED.Sprint0.Task4.V0.Lib", "Tyuiu.KaverinED.Sprint0.Task4.V0.Lib\Tyuiu.KaverinED.Sprint0.Task4.V0.Lib.csproj", "{0C2DB3FC-560D-4CE5-A5F7-FC534BB59F93}"
EndProject
Project("{FAE04EC0-301F-11D3-BF4B-00C04F79EFBC}") = "Tyuiu.KaverinED.Sprint0.Task4.V0.Test", "Tyuiu.KaverinED.Sprint0.Task4.V0.Test\Tyuiu.KaverinED.Sprint0.Task4.V0.Test.csproj", "{273A9C88-C13E-4447-A702-E63441A5E914}"
EndProject
Project("{2150E333-8FDC-42A3-9474-1A3956D46DE8}") = "Task5", "Task5", "{48078638-2F77-4F30-817B-0FB6A3DBFC92}"
EndProject
Project("{2150E333-8FDC-42A3-9474-1A3956D46DE8}") = "Task6", "Task6", "{D6CE9149-2358-46FB-A1F3-EE4CA305A484}"
EndProject
Project("{2150E333-8FDC-42A3-9474-1A3956D46DE8}") = "Task7", "Task7", "{5443FEF2-2DB4-4311-BDA4-736D252325B5}"
EndProject
Project("{FAE04EC0-301F-11D3-BF4B-00C04F79EFBC}") = "Tyuiu.KaverinED.Sprint0.Task5.V0", "Tyuiu.KaverinED.Sprint0.Task5.V0\Tyuiu.KaverinED.Sprint0.Task5.V0.csproj", "{F086CBAE-BABD-4A06-AF91-8CDFC1AA2A2B}"
EndProject
Project("{FAE04EC0-301F-11D3-BF4B-00C04F79EFBC}") = "Tyuiu.KaverinED.Sprint0.Task5.V0.Lib", "Tyuiu.KaverinED.Sprint0.Task5.V0.Lib\Tyuiu.KaverinED.Sprint0.Task5.V0.Lib.csproj", "{F78A7BCA-7CB8-4EA5-99C6-EC6403CAD741}"
EndProject
Project("{FAE04EC0-301F-11D3-BF4B-00C04F79EFBC}") = "Tyuiu.KaverinED.Sprint0.Task6.V0.Lib", "Tyuiu.KaverinED.Sprint0.Task6.V0.Lib\Tyuiu.KaverinED.Sprint0.Task6.V0.Lib.csproj", "{CA7F3325-B3D5-494D-9D6D-361174FA7B8A}"
EndProject
Project("{FAE04EC0-301F-11D3-BF4B-00C04F79EFBC}") = "Tyuiu.KaverinED.Sprint0.Task6.V0", "Tyuiu.KaverinED.Sprint0.Task6.V0\Tyuiu.KaverinED.Sprint0.Task6.V0.csproj", "{06287EF5-E067-4E4D-A650-70802472F586}"
EndProject
Project("{FAE04EC0-301F-11D3-BF4B-00C04F79EFBC}") = "Tyuiu.KaverinED.Sprint0.Task7.V0.Lib", "Tyuiu.KaverinED.Sprint0.Task7.V0.Lib\Tyuiu.KaverinED.Sprint0.Task7.V0.Lib.csproj", "{670FBF1F-6247-4DEA-B6A8-AF38FA9A8C44}"
EndProject
Project("{FAE04EC0-301F-11D3-BF4B-00C04F79EFBC}") = "Tyuiu.KaverinED.Sprint0.Task7.V0", "Tyuiu.KaverinED.Sprint0.Task7.V0\Tyuiu.KaverinED.Sprint0.Task7.V0.csproj", "{3C1224BD-61C1-480E-9F83-C2A767447306}"
EndProject
Project("{FAE04EC0-301F-11D3-BF4B-00C04F79EFBC}") = "Tyuiu.KaverinED.Sprint0.Task5.V0.Test", "Tyuiu.KaverinED.Sprint0.Task5.V0.Test\Tyuiu.KaverinED.Sprint0.Task5.V0.Test.csproj", "{5985BDB5-CC1F-491D-9A00-B9F135FB48A3}"
EndProject
Project("{FAE04EC0-301F-11D3-BF4B-00C04F79EFBC}") = "Tyuiu.KaverinED.Sprint0.Task6.V0.Test", "Tyuiu.KaverinED.Sprint0.Task6.V0.Test\Tyuiu.KaverinED.Sprint0.Task6.V0.Test.csproj", "{8AE3C533-625B-46A2-B7C7-F18A351E5C18}"
EndProject
Project("{FAE04EC0-301F-11D3-BF4B-00C04F79EFBC}") = "Tyuiu.KaverinED.Sprint0.Task7.V0.Test", "Tyuiu.KaverinED.Sprint0.Task7.V0.Test\Tyuiu.KaverinED.Sprint0.Task7.V0.Test.csproj", "{F2BE6158-1206-43A0-AEB0-0CF85516FBAB}"
EndProject
Global
	GlobalSection(SolutionConfigurationPlatforms) = preSolution
		Debug|Any CPU = Debug|Any CPU
		Release|Any CPU = Release|Any CPU
	EndGlobalSection
	GlobalSection(ProjectConfigurationPlatforms) = postSolution
		{FE7FBBEE-5726-4DE3-B327-1D3E98ED9CA7}.Debug|Any CPU.ActiveCfg = Debug|Any CPU
		{FE7FBBEE-5726-4DE3-B327-1D3E98ED9CA7}.Debug|Any CPU.Build.0 = Debug|Any CPU
		{FE7FBBEE-5726-4DE3-B327-1D3E98ED9CA7}.Release|Any CPU.ActiveCfg = Release|Any CPU
		{FE7FBBEE-5726-4DE3-B327-1D3E98ED9CA7}.Release|Any CPU.Build.0 = Release|Any CPU
		{D5C2963E-7393-4F22-BCCF-1E618E940DBB}.Debug|Any CPU.ActiveCfg = Debug|Any CPU
		{D5C2963E-7393-4F22-BCCF-1E618E940DBB}.Debug|Any CPU.Build.0 = Debug|Any CPU
		{D5C2963E-7393-4F22-BCCF-1E618E940DBB}.Release|Any CPU.ActiveCfg = Release|Any CPU
		{D5C2963E-7393-4F22-BCCF-1E618E940DBB}.Release|Any CPU.Build.0 = Release|Any CPU
		{9EE60E44-C378-4B69-BBC2-61D4851EAC77}.Debug|Any CPU.ActiveCfg = Debug|Any CPU
		{9EE60E44-C378-4B69-BBC2-61D4851EAC77}.Debug|Any CPU.Build.0 = Debug|Any CPU
		{9EE60E44-C378-4B69-BBC2-61D4851EAC77}.Release|Any CPU.ActiveCfg = Release|Any CPU
		{9EE60E44-C378-4B69-BBC2-61D4851EAC77}.Release|Any CPU.Build.0 = Release|Any CPU
		{F191B58E-5B1F-43F0-B939-6982AAB29DA8}.Debug|Any CPU.ActiveCfg = Debug|Any CPU
		{F191B58E-5B1F-43F0-B939-6982AAB29DA8}.Debug|Any CPU.Build.0 = Debug|Any CPU
		{F191B58E-5B1F-43F0-B939-6982AAB29DA8}.Release|Any CPU.ActiveCfg = Release|Any CPU
		{F191B58E-5B1F-43F0-B939-6982AAB29DA8}.Release|Any CPU.Build.0 = Release|Any CPU
		{2B23D365-027A-4D23-B379-DD38687A4C01}.Debug|Any CPU.ActiveCfg = Debug|Any CPU
		{2B23D365-027A-4D23-B379-DD38687A4C01}.Debug|Any CPU.Build.0 = Debug|Any CPU
		{2B23D365-027A-4D23-B379-DD38687A4C01}.Release|Any CPU.ActiveCfg = Release|Any CPU
		{2B23D365-027A-4D23-B379-DD38687A4C01}.Release|Any CPU.Build.0 = Release|Any CPU
		{0C97F189-CAA8-4D02-89D3-05EE5C3E10A5}.Debug|Any CPU.ActiveCfg = Debug|Any CPU
		{0C97F189-CAA8-4D02-89D3-05EE5C3E10A5}.Debug|Any CPU.Build.0 = Debug|Any CPU
		{0C97F189-CAA8-4D02-89D3-05EE5C3E10A5}.Release|Any CPU.ActiveCfg = Release|Any CPU
		{0C97F189-CAA8-4D02-89D3-05EE5C3E10A5}.Release|Any CPU.Build.0 = Release|Any CPU
		{880CCAB2-E351-4FEB-837A-D4BECAA85FC5}.Debug|Any CPU.ActiveCfg = Debug|Any CPU
		{880CCAB2-E351-4FEB-837A-D4BECAA85FC5}.Debug|Any CPU.Build.0 = Debug|Any CPU
		{880CCAB2-E351-4FEB-837A-D4BECAA85FC5}.Release|Any CPU.ActiveCfg = Release|Any CPU
		{880CCAB2-E351-4FEB-837A-D4BECAA85FC5}.Release|Any CPU.Build.0 = Release|Any CPU
		{890CBF88-114A-440D-BF5D-6F2BB580DC18}.Debug|Any CPU.ActiveCfg = Debug|Any CPU
		{890CBF88-114A-440D-BF5D-6F2BB580DC18}.Debug|Any CPU.Build.0 = Debug|Any CPU
		{890CBF88-114A-440D-BF5D-6F2BB580DC18}.Release|Any CPU.ActiveCfg = Release|Any CPU
		{890CBF88-114A-440D-BF5D-6F2BB580DC18}.Release|Any CPU.Build.0 = Release|Any CPU
		{68942365-055A-4AFF-BF4F-C6AE469A7FC8}.Debug|Any CPU.ActiveCfg = Debug|Any CPU
		{68942365-055A-4AFF-BF4F-C6AE469A7FC8}.Debug|Any CPU.Build.0 = Debug|Any CPU
		{68942365-055A-4AFF-BF4F-C6AE469A7FC8}.Release|Any CPU.ActiveCfg = Release|Any CPU
		{68942365-055A-4AFF-BF4F-C6AE469A7FC8}.Release|Any CPU.Build.0 = Release|Any CPU
		{0C2DB3FC-560D-4CE5-A5F7-FC534BB59F93}.Debug|Any CPU.ActiveCfg = Debug|Any CPU
		{0C2DB3FC-560D-4CE5-A5F7-FC534BB59F93}.Debug|Any CPU.Build.0 = Debug|Any CPU
		{0C2DB3FC-560D-4CE5-A5F7-FC534BB59F93}.Release|Any CPU.ActiveCfg = Release|Any CPU
		{0C2DB3FC-560D-4CE5-A5F7-FC534BB59F93}.Release|Any CPU.Build.0 = Release|Any CPU
		{273A9C88-C13E-4447-A702-E63441A5E914}.Debug|Any CPU.ActiveCfg = Debug|Any CPU
		{273A9C88-C13E-4447-A702-E63441A5E914}.Debug|Any CPU.Build.0 = Debug|Any CPU
		{273A9C88-C13E-4447-A702-E63441A5E914}.Release|Any CPU.ActiveCfg = Release|Any CPU
		{273A9C88-C13E-4447-A702-E63441A5E914}.Release|Any CPU.Build.0 = Release|Any CPU
		{F086CBAE-BABD-4A06-AF91-8CDFC1AA2A2B}.Debug|Any CPU.ActiveCfg = Debug|Any CPU
		{F086CBAE-BABD-4A06-AF91-8CDFC1AA2A2B}.Debug|Any CPU.Build.0 = Debug|Any CPU
		{F086CBAE-BABD-4A06-AF91-8CDFC1AA2A2B}.Release|Any CPU.ActiveCfg = Release|Any CPU
		{F086CBAE-BABD-4A06-AF91-8CDFC1AA2A2B}.Release|Any CPU.Build.0 = Release|Any CPU
		{F78A7BCA-7CB8-4EA5-99C6-EC6403CAD741}.Debug|Any CPU.ActiveCfg = Debug|Any CPU
		{F78A7BCA-7CB8-4EA5-99C6-EC6403CAD741}.Debug|Any CPU.Build.0 = Debug|Any CPU
		{F78A7BCA-7CB8-4EA5-99C6-EC6403CAD741}.Release|Any CPU.ActiveCfg = Release|Any CPU
		{F78A7BCA-7CB8-4EA5-99C6-EC6403CAD741}.Release|Any CPU.Build.0 = Release|Any CPU
		{CA7F3325-B3D5-494D-9D6D-361174FA7B8A}.Debug|Any CPU.ActiveCfg = Debug|Any CPU
		{CA7F3325-B3D5-494D-9D6D-361174FA7B8A}.Debug|Any CPU.Build.0 = Debug|Any CPU
		{CA7F3325-B3D5-494D-9D6D-361174FA7B8A}.Release|Any CPU.ActiveCfg = Release|Any CPU
		{CA7F3325-B3D5-494D-9D6D-361174FA7B8A}.Release|Any CPU.Build.0 = Release|Any CPU
		{06287EF5-E067-4E4D-A650-70802472F586}.Debug|Any CPU.ActiveCfg = Debug|Any CPU
		{06287EF5-E067-4E4D-A650-70802472F586}.Debug|Any CPU.Build.0 = Debug|Any CPU
		{06287EF5-E067-4E4D-A650-70802472F586}.Release|Any CPU.ActiveCfg = Release|Any CPU
		{06287EF5-E067-4E4D-A650-70802472F586}.Release|Any CPU.Build.0 = Release|Any CPU
		{670FBF1F-6247-4DEA-B6A8-AF38FA9A8C44}.Debug|Any CPU.ActiveCfg = Debug|Any CPU
		{670FBF1F-6247-4DEA-B6A8-AF38FA9A8C44}.Debug|Any CPU.Build.0 = Debug|Any CPU
		{670FBF1F-6247-4DEA-B6A8-AF38FA9A8C44}.Release|Any CPU.ActiveCfg = Release|Any CPU
		{670FBF1F-6247-4DEA-B6A8-AF38FA9A8C44}.Release|Any CPU.Build.0 = Release|Any CPU
		{3C1224BD-61C1-480E-9F83-C2A767447306}.Debug|Any CPU.ActiveCfg = Debug|Any CPU
		{3C1224BD-61C1-480E-9F83-C2A767447306}.Debug|Any CPU.Build.0 = Debug|Any CPU
		{3C1224BD-61C1-480E-9F83-C2A767447306}.Release|Any CPU.ActiveCfg = Release|Any CPU
		{3C1224BD-61C1-480E-9F83-C2A767447306}.Release|Any CPU.Build.0 = Release|Any CPU
		{5985BDB5-CC1F-491D-9A00-B9F135FB48A3}.Debug|Any CPU.ActiveCfg = Debug|Any CPU
		{5985BDB5-CC1F-491D-9A00-B9F135FB48A3}.Debug|Any CPU.Build.0 = Debug|Any CPU
		{5985BDB5-CC1F-491D-9A00-B9F135FB48A3}.Release|Any CPU.ActiveCfg = Release|Any CPU
		{5985BDB5-CC1F-491D-9A00-B9F135FB48A3}.Release|Any CPU.Build.0 = Release|Any CPU
		{8AE3C533-625B-46A2-B7C7-F18A351E5C18}.Debug|Any CPU.ActiveCfg = Debug|Any CPU
		{8AE3C533-625B-46A2-B7C7-F18A351E5C18}.Debug|Any CPU.Build.0 = Debug|Any CPU
		{8AE3C533-625B-46A2-B7C7-F18A351E5C18}.Release|Any CPU.ActiveCfg = Release|Any CPU
		{8AE3C533-625B-46A2-B7C7-F18A351E5C18}.Release|Any CPU.Build.0 = Release|Any CPU
		{F2BE6158-1206-43A0-AEB0-0CF85516FBAB}.Debug|Any CPU.ActiveCfg = Debug|Any CPU
		{F2BE6158-1206-43A0-AEB0-0CF85516FBAB}.Debug|Any CPU.Build.0 = Debug|Any CPU
		{F2BE6158-1206-43A0-AEB0-0CF85516FBAB}.Release|Any CPU.ActiveCfg = Release|Any CPU
		{F2BE6158-1206-43A0-AEB0-0CF85516FBAB}.Release|Any CPU.Build.0 = Release|Any CPU
	EndGlobalSection
	GlobalSection(SolutionProperties) = preSolution
		HideSolutionNode = FALSE
	EndGlobalSection
	GlobalSection(NestedProjects) = preSolution
		{FE7FBBEE-5726-4DE3-B327-1D3E98ED9CA7} = {CDDB297B-D133-46AB-9DF8-D1490784BA88}
		{D5C2963E-7393-4F22-BCCF-1E618E940DBB} = {A7D9D37F-FAA9-49D9-9FAA-0F95B0728A8B}
		{9EE60E44-C378-4B69-BBC2-61D4851EAC77} = {E0FD2BD8-1168-48CE-999C-6B9AB2B03846}
		{F191B58E-5B1F-43F0-B939-6982AAB29DA8} = {E0FD2BD8-1168-48CE-999C-6B9AB2B03846}
		{2B23D365-027A-4D23-B379-DD38687A4C01} = {88547075-CD90-4A92-B0BC-F22C4045F8FB}
		{0C97F189-CAA8-4D02-89D3-05EE5C3E10A5} = {88547075-CD90-4A92-B0BC-F22C4045F8FB}
		{880CCAB2-E351-4FEB-837A-D4BECAA85FC5} = {E0FD2BD8-1168-48CE-999C-6B9AB2B03846}
		{890CBF88-114A-440D-BF5D-6F2BB580DC18} = {88547075-CD90-4A92-B0BC-F22C4045F8FB}
		{68942365-055A-4AFF-BF4F-C6AE469A7FC8} = {6121424F-1F4D-4500-9764-5A47C102C676}
		{0C2DB3FC-560D-4CE5-A5F7-FC534BB59F93} = {6121424F-1F4D-4500-9764-5A47C102C676}
		{273A9C88-C13E-4447-A702-E63441A5E914} = {6121424F-1F4D-4500-9764-5A47C102C676}
		{F086CBAE-BABD-4A06-AF91-8CDFC1AA2A2B} = {48078638-2F77-4F30-817B-0FB6A3DBFC92}
		{F78A7BCA-7CB8-4EA5-99C6-EC6403CAD741} = {48078638-2F77-4F30-817B-0FB6A3DBFC92}
		{CA7F3325-B3D5-494D-9D6D-361174FA7B8A} = {D6CE9149-2358-46FB-A1F3-EE4CA305A484}
		{06287EF5-E067-4E4D-A650-70802472F586} = {D6CE9149-2358-46FB-A1F3-EE4CA305A484}
		{670FBF1F-6247-4DEA-B6A8-AF38FA9A8C44} = {5443FEF2-2DB4-4311-BDA4-736D252325B5}
		{3C1224BD-61C1-480E-9F83-C2A767447306} = {5443FEF2-2DB4-4311-BDA4-736D252325B5}
		{5985BDB5-CC1F-491D-9A00-B9F135FB48A3} = {48078638-2F77-4F30-817B-0FB6A3DBFC92}
		{8AE3C533-625B-46A2-B7C7-F18A351E5C18} = {D6CE9149-2358-46FB-A1F3-EE4CA305A484}
		{F2BE6158-1206-43A0-AEB0-0CF85516FBAB} = {5443FEF2-2DB4-4311-BDA4-736D252325B5}
	EndGlobalSection
	GlobalSection(ExtensibilityGlobals) = postSolution
		SolutionGuid = {47463FB8-AD71-4F8D-93F7-D2F85545D9C8}
	EndGlobalSection
EndGlobal
